
Microsoft Visual Studio Solution File, Format Version 12.00
# Visual Studio Version 16
VisualStudioVersion = 16.0.31624.102
MinimumVisualStudioVersion = 10.0.40219.1
Project("{FAE04EC0-301F-11D3-BF4B-00C04F79EFBC}") = "FunctsionReturnAndArraysFromFile", "FunctsionReturnAndArraysFromFile\FunctsionReturnAndArraysFromFile.csproj", "{CA195392-AB26-49B2-A441-5C2CAE27A1DC}"
EndProject
Project("{FAE04EC0-301F-11D3-BF4B-00C04F79EFBC}") = "FraidayNightRandom", "FraidayNightRandom\FraidayNightRandom.csproj", "{00ED51D9-3C22-4DC9-A2A5-7E0ACDEDA221}"
EndProject
Project("{FAE04EC0-301F-11D3-BF4B-00C04F79EFBC}") = "FridayNightRandomReturn", "FridayNightRandomReturn\FridayNightRandomReturn.csproj", "{AFD1DFB2-250B-4D09-A4EA-8300F33F772E}"
EndProject
Project("{FAE04EC0-301F-11D3-BF4B-00C04F79EFBC}") = "PickRandomFromFile", "PickRandomFromFile\PickRandomFromFile.csproj", "{03EBD1CB-9796-473C-9480-1553A6CEC0FD}"
EndProject
Project("{FAE04EC0-301F-11D3-BF4B-00C04F79EFBC}") = "ChuckNorris", "ChuckNorris\ChuckNorris.csproj", "{B80493B7-8CF0-4883-9E07-43F4D6A6B09F}"
EndProject
Global
	GlobalSection(SolutionConfigurationPlatforms) = preSolution
		Debug|Any CPU = Debug|Any CPU
		Release|Any CPU = Release|Any CPU
	EndGlobalSection
	GlobalSection(ProjectConfigurationPlatforms) = postSolution
		{CA195392-AB26-49B2-A441-5C2CAE27A1DC}.Debug|Any CPU.ActiveCfg = Debug|Any CPU
		{CA195392-AB26-49B2-A441-5C2CAE27A1DC}.Debug|Any CPU.Build.0 = Debug|Any CPU
		{CA195392-AB26-49B2-A441-5C2CAE27A1DC}.Release|Any CPU.ActiveCfg = Release|Any CPU
		{CA195392-AB26-49B2-A441-5C2CAE27A1DC}.Release|Any CPU.Build.0 = Release|Any CPU
		{00ED51D9-3C22-4DC9-A2A5-7E0ACDEDA221}.Debug|Any CPU.ActiveCfg = Debug|Any CPU
		{00ED51D9-3C22-4DC9-A2A5-7E0ACDEDA221}.Debug|Any CPU.Build.0 = Debug|Any CPU
		{00ED51D9-3C22-4DC9-A2A5-7E0ACDEDA221}.Release|Any CPU.ActiveCfg = Release|Any CPU
		{00ED51D9-3C22-4DC9-A2A5-7E0ACDEDA221}.Release|Any CPU.Build.0 = Release|Any CPU
		{AFD1DFB2-250B-4D09-A4EA-8300F33F772E}.Debug|Any CPU.ActiveCfg = Debug|Any CPU
		{AFD1DFB2-250B-4D09-A4EA-8300F33F772E}.Debug|Any CPU.Build.0 = Debug|Any CPU
		{AFD1DFB2-250B-4D09-A4EA-8300F33F772E}.Release|Any CPU.ActiveCfg = Release|Any CPU
		{AFD1DFB2-250B-4D09-A4EA-8300F33F772E}.Release|Any CPU.Build.0 = Release|Any CPU
		{03EBD1CB-9796-473C-9480-1553A6CEC0FD}.Debug|Any CPU.ActiveCfg = Debug|Any CPU
		{03EBD1CB-9796-473C-9480-1553A6CEC0FD}.Debug|Any CPU.Build.0 = Debug|Any CPU
		{03EBD1CB-9796-473C-9480-1553A6CEC0FD}.Release|Any CPU.ActiveCfg = Release|Any CPU
		{03EBD1CB-9796-473C-9480-1553A6CEC0FD}.Release|Any CPU.Build.0 = Release|Any CPU
		{B80493B7-8CF0-4883-9E07-43F4D6A6B09F}.Debug|Any CPU.ActiveCfg = Debug|Any CPU
		{B80493B7-8CF0-4883-9E07-43F4D6A6B09F}.Debug|Any CPU.Build.0 = Debug|Any CPU
		{B80493B7-8CF0-4883-9E07-43F4D6A6B09F}.Release|Any CPU.ActiveCfg = Release|Any CPU
		{B80493B7-8CF0-4883-9E07-43F4D6A6B09F}.Release|Any CPU.Build.0 = Release|Any CPU
	EndGlobalSection
	GlobalSection(SolutionProperties) = preSolution
		HideSolutionNode = FALSE
	EndGlobalSection
	GlobalSection(ExtensibilityGlobals) = postSolution
		SolutionGuid = {E97C9126-8FB5-4DB6-A332-2CD0861620A5}
	EndGlobalSection
EndGlobal
